
Microsoft Visual Studio Solution File, Format Version 12.00
Project("{FAE04EC0-301F-11D3-BF4B-00C04F79EFBC}") = "CMS-Web", "CMS-Web\CMS-Web.csproj", "{ED2F11BD-2A37-4823-BCE1-89EE73C8F13D}"
EndProject
Global
	GlobalSection(SolutionConfigurationPlatforms) = preSolution
		Debug|Any CPU = Debug|Any CPU
		Release|Any CPU = Release|Any CPU
	EndGlobalSection
	GlobalSection(ProjectConfigurationPlatforms) = postSolution
		{ED2F11BD-2A37-4823-BCE1-89EE73C8F13D}.Debug|Any CPU.ActiveCfg = Debug|Any CPU
		{ED2F11BD-2A37-4823-BCE1-89EE73C8F13D}.Debug|Any CPU.Build.0 = Debug|Any CPU
		{ED2F11BD-2A37-4823-BCE1-89EE73C8F13D}.Release|Any CPU.ActiveCfg = Release|Any CPU
		{ED2F11BD-2A37-4823-BCE1-89EE73C8F13D}.Release|Any CPU.Build.0 = Release|Any CPU
	EndGlobalSection
EndGlobal
